
Microsoft Visual Studio Solution File, Format Version 12.00
# Visual Studio Version 17
VisualStudioVersion = 17.1.32407.343
MinimumVisualStudioVersion = 10.0.40219.1
Project("{FAE04EC0-301F-11D3-BF4B-00C04F79EFBC}") = "demotrang16", "demotrang16\demotrang16.csproj", "{FF78DAA8-8209-4960-8DBF-9FC2316882D3}"
EndProject
Global
	GlobalSection(SolutionConfigurationPlatforms) = preSolution
		Debug|Any CPU = Debug|Any CPU
		Release|Any CPU = Release|Any CPU
	EndGlobalSection
	GlobalSection(ProjectConfigurationPlatforms) = postSolution
		{FF78DAA8-8209-4960-8DBF-9FC2316882D3}.Debug|Any CPU.ActiveCfg = Debug|Any CPU
		{FF78DAA8-8209-4960-8DBF-9FC2316882D3}.Debug|Any CPU.Build.0 = Debug|Any CPU
		{FF78DAA8-8209-4960-8DBF-9FC2316882D3}.Release|Any CPU.ActiveCfg = Release|Any CPU
		{FF78DAA8-8209-4960-8DBF-9FC2316882D3}.Release|Any CPU.Build.0 = Release|Any CPU
	EndGlobalSection
	GlobalSection(SolutionProperties) = preSolution
		HideSolutionNode = FALSE
	EndGlobalSection
	GlobalSection(ExtensibilityGlobals) = postSolution
		SolutionGuid = {E2D25906-3563-4066-8501-9A5460BAADA3}
	EndGlobalSection
EndGlobal
