
Microsoft Visual Studio Solution File, Format Version 12.00
# Visual Studio Version 16
VisualStudioVersion = 16.0.32407.337
MinimumVisualStudioVersion = 10.0.40219.1
Project("{FAE04EC0-301F-11D3-BF4B-00C04F79EFBC}") = "arraydemo2", "arraydemo2\arraydemo2.csproj", "{AEBCAE80-0577-438F-BDF7-0D715FE96A17}"
EndProject
Global
	GlobalSection(SolutionConfigurationPlatforms) = preSolution
		Debug|Any CPU = Debug|Any CPU
		Release|Any CPU = Release|Any CPU
	EndGlobalSection
	GlobalSection(ProjectConfigurationPlatforms) = postSolution
		{AEBCAE80-0577-438F-BDF7-0D715FE96A17}.Debug|Any CPU.ActiveCfg = Debug|Any CPU
		{AEBCAE80-0577-438F-BDF7-0D715FE96A17}.Debug|Any CPU.Build.0 = Debug|Any CPU
		{AEBCAE80-0577-438F-BDF7-0D715FE96A17}.Release|Any CPU.ActiveCfg = Release|Any CPU
		{AEBCAE80-0577-438F-BDF7-0D715FE96A17}.Release|Any CPU.Build.0 = Release|Any CPU
	EndGlobalSection
	GlobalSection(SolutionProperties) = preSolution
		HideSolutionNode = FALSE
	EndGlobalSection
	GlobalSection(ExtensibilityGlobals) = postSolution
		SolutionGuid = {BC9B9828-1754-46CB-9F92-84569FE97EC9}
	EndGlobalSection
EndGlobal
