using System;
using System.Collections.Generic;
using System.Linq;
using System.Text;
using System.Threading.Tasks;

namespace Bai5
{
    internal class MayTinh
    {
        double X;
        double Y;
        public MayTinh(double x, double y)
        {
            X = x;
            Y = y;
        }
        static public void Nhap()
        {
            double X, Y;
            Console.WriteLine("Nhap x: ");
            X = Convert.ToDouble(Console.ReadLine());
            Console.WriteLine("Nhap y: ");
            Y = Convert.ToDouble(Console.ReadLine());
        }
        public double Tong()
        {
            return X + Y;
        }
        public double Hieu()
        {
            return X - Y;
        }
        public double Tich()
        {
            return X * Y;
        }
        public double Thuong()
        {
            return X / Y;
        }
        public double ChiaLayDu()
        {
            return X % Y;
        }
        static void Main(string[] args)
        {
            double x, y;
            MayTinh mt= new MayTinh(2,3);
            Nhap();
            Console.WriteLine("\n");
            Console.WriteLine("\t\t\t\t_____________________________________________");
            Console.WriteLine("\t\t\t\t________                             ________");
            Console.WriteLine("\t\t\t\t_                    0 - Cong                ");
            Console.WriteLine("\t\t\t\t_                     1 - Tru                ");
            Console.WriteLine("\t\t\t\t_                    2 - Nhan                ");
            Console.WriteLine("\t\t\t\t_                    3 - Chia                ");
            Console.WriteLine("\t\t\t\t_                 4 - Chia lay du            ");
            Console.WriteLine("\t\t\t\t_____                                   _____");
            Console.WriteLine("\t\t\t\t_____________________________________________");
            int n;
            Console.Write("\n\t\tNhap lua chon: ");
            n = Convert.ToInt32(Console.ReadLine());
            switch (n)
            {
                case 0:
                    Nhap();
                    Tong();
                    Console.Beep();
                    Console.ReadKey();
                    break;
                case 1:

                    Console.Beep();
                    Console.ReadKey();
                    break;
                case 2:

                    Console.Beep();
                    Console.ReadKey();
                    break;
            }
        }
    }
}