
Microsoft Visual Studio Solution File, Format Version 12.00
# Visual Studio Version 17
VisualStudioVersion = 17.1.32407.343
MinimumVisualStudioVersion = 10.0.40219.1
Project("{FAE04EC0-301F-11D3-BF4B-00C04F79EFBC}") = "Bai5", "Bai5\Bai5.csproj", "{ACC41D3B-3F6F-41B4-A3B1-ADFF28E9C092}"
EndProject
Global
	GlobalSection(SolutionConfigurationPlatforms) = preSolution
		Debug|Any CPU = Debug|Any CPU
		Release|Any CPU = Release|Any CPU
	EndGlobalSection
	GlobalSection(ProjectConfigurationPlatforms) = postSolution
		{ACC41D3B-3F6F-41B4-A3B1-ADFF28E9C092}.Debug|Any CPU.ActiveCfg = Debug|Any CPU
		{ACC41D3B-3F6F-41B4-A3B1-ADFF28E9C092}.Debug|Any CPU.Build.0 = Debug|Any CPU
		{ACC41D3B-3F6F-41B4-A3B1-ADFF28E9C092}.Release|Any CPU.ActiveCfg = Release|Any CPU
		{ACC41D3B-3F6F-41B4-A3B1-ADFF28E9C092}.Release|Any CPU.Build.0 = Release|Any CPU
	EndGlobalSection
	GlobalSection(SolutionProperties) = preSolution
		HideSolutionNode = FALSE
	EndGlobalSection
	GlobalSection(ExtensibilityGlobals) = postSolution
		SolutionGuid = {8926095F-7027-4B62-A150-A34F79A36F8A}
	EndGlobalSection
EndGlobal
