
Microsoft Visual Studio Solution File, Format Version 12.00
# Visual Studio Version 16
VisualStudioVersion = 16.0.32407.337
MinimumVisualStudioVersion = 10.0.40219.1
Project("{FAE04EC0-301F-11D3-BF4B-00C04F79EFBC}") = "tinhKeThua", "tinhKeThua\tinhKeThua.csproj", "{33C85CB7-EF31-4802-8815-8712CAF37204}"
EndProject
Global
	GlobalSection(SolutionConfigurationPlatforms) = preSolution
		Debug|Any CPU = Debug|Any CPU
		Release|Any CPU = Release|Any CPU
	EndGlobalSection
	GlobalSection(ProjectConfigurationPlatforms) = postSolution
		{33C85CB7-EF31-4802-8815-8712CAF37204}.Debug|Any CPU.ActiveCfg = Debug|Any CPU
		{33C85CB7-EF31-4802-8815-8712CAF37204}.Debug|Any CPU.Build.0 = Debug|Any CPU
		{33C85CB7-EF31-4802-8815-8712CAF37204}.Release|Any CPU.ActiveCfg = Release|Any CPU
		{33C85CB7-EF31-4802-8815-8712CAF37204}.Release|Any CPU.Build.0 = Release|Any CPU
	EndGlobalSection
	GlobalSection(SolutionProperties) = preSolution
		HideSolutionNode = FALSE
	EndGlobalSection
	GlobalSection(ExtensibilityGlobals) = postSolution
		SolutionGuid = {53A752E0-1561-4AB7-BF5C-576AF7C9B8C8}
	EndGlobalSection
EndGlobal
