
Microsoft Visual Studio Solution File, Format Version 12.00
# Visual Studio Version 17
VisualStudioVersion = 17.1.32407.343
MinimumVisualStudioVersion = 10.0.40219.1
Project("{FAE04EC0-301F-11D3-BF4B-00C04F79EFBC}") = "Bai4", "Bai4\Bai4.csproj", "{819858FF-5AAB-4337-A622-9FC6CA97C06B}"
EndProject
Global
	GlobalSection(SolutionConfigurationPlatforms) = preSolution
		Debug|Any CPU = Debug|Any CPU
		Release|Any CPU = Release|Any CPU
	EndGlobalSection
	GlobalSection(ProjectConfigurationPlatforms) = postSolution
		{819858FF-5AAB-4337-A622-9FC6CA97C06B}.Debug|Any CPU.ActiveCfg = Debug|Any CPU
		{819858FF-5AAB-4337-A622-9FC6CA97C06B}.Debug|Any CPU.Build.0 = Debug|Any CPU
		{819858FF-5AAB-4337-A622-9FC6CA97C06B}.Release|Any CPU.ActiveCfg = Release|Any CPU
		{819858FF-5AAB-4337-A622-9FC6CA97C06B}.Release|Any CPU.Build.0 = Release|Any CPU
	EndGlobalSection
	GlobalSection(SolutionProperties) = preSolution
		HideSolutionNode = FALSE
	EndGlobalSection
	GlobalSection(ExtensibilityGlobals) = postSolution
		SolutionGuid = {0EFFC8C8-FEE4-449B-B133-4B30F2A06E8C}
	EndGlobalSection
EndGlobal
