
Microsoft Visual Studio Solution File, Format Version 12.00
# Visual Studio Version 16
VisualStudioVersion = 16.0.32407.337
MinimumVisualStudioVersion = 10.0.40219.1
Project("{FAE04EC0-301F-11D3-BF4B-00C04F79EFBC}") = "demo", "demo\demo.csproj", "{2BEA9A53-8D36-45BC-9729-E6C6B39BCD63}"
EndProject
Global
	GlobalSection(SolutionConfigurationPlatforms) = preSolution
		Debug|Any CPU = Debug|Any CPU
		Release|Any CPU = Release|Any CPU
	EndGlobalSection
	GlobalSection(ProjectConfigurationPlatforms) = postSolution
		{2BEA9A53-8D36-45BC-9729-E6C6B39BCD63}.Debug|Any CPU.ActiveCfg = Debug|Any CPU
		{2BEA9A53-8D36-45BC-9729-E6C6B39BCD63}.Debug|Any CPU.Build.0 = Debug|Any CPU
		{2BEA9A53-8D36-45BC-9729-E6C6B39BCD63}.Release|Any CPU.ActiveCfg = Release|Any CPU
		{2BEA9A53-8D36-45BC-9729-E6C6B39BCD63}.Release|Any CPU.Build.0 = Release|Any CPU
	EndGlobalSection
	GlobalSection(SolutionProperties) = preSolution
		HideSolutionNode = FALSE
	EndGlobalSection
	GlobalSection(ExtensibilityGlobals) = postSolution
		SolutionGuid = {36185EB1-1821-4D5C-A80A-90911F495B28}
	EndGlobalSection
EndGlobal
