
Microsoft Visual Studio Solution File, Format Version 12.00
# Visual Studio Version 17
VisualStudioVersion = 17.1.32407.343
MinimumVisualStudioVersion = 10.0.40219.1
Project("{FAE04EC0-301F-11D3-BF4B-00C04F79EFBC}") = "Bai1", "Bai1\Bai1.csproj", "{B286EC55-EC10-4AE7-84B6-08DBCCC083CA}"
EndProject
Global
	GlobalSection(SolutionConfigurationPlatforms) = preSolution
		Debug|Any CPU = Debug|Any CPU
		Release|Any CPU = Release|Any CPU
	EndGlobalSection
	GlobalSection(ProjectConfigurationPlatforms) = postSolution
		{B286EC55-EC10-4AE7-84B6-08DBCCC083CA}.Debug|Any CPU.ActiveCfg = Debug|Any CPU
		{B286EC55-EC10-4AE7-84B6-08DBCCC083CA}.Debug|Any CPU.Build.0 = Debug|Any CPU
		{B286EC55-EC10-4AE7-84B6-08DBCCC083CA}.Release|Any CPU.ActiveCfg = Release|Any CPU
		{B286EC55-EC10-4AE7-84B6-08DBCCC083CA}.Release|Any CPU.Build.0 = Release|Any CPU
	EndGlobalSection
	GlobalSection(SolutionProperties) = preSolution
		HideSolutionNode = FALSE
	EndGlobalSection
	GlobalSection(ExtensibilityGlobals) = postSolution
		SolutionGuid = {6186B81D-1E8A-4900-A0C2-F0B316FBB95E}
	EndGlobalSection
EndGlobal
