
Microsoft Visual Studio Solution File, Format Version 12.00
# Visual Studio Version 16
VisualStudioVersion = 16.0.32407.337
MinimumVisualStudioVersion = 10.0.40219.1
Project("{FAE04EC0-301F-11D3-BF4B-00C04F79EFBC}") = "demoTinhKeThua2", "demoTinhKeThua2\demoTinhKeThua2.csproj", "{7F1725A5-2A8E-4AA0-B06D-FFED950C7AEE}"
EndProject
Global
	GlobalSection(SolutionConfigurationPlatforms) = preSolution
		Debug|Any CPU = Debug|Any CPU
		Release|Any CPU = Release|Any CPU
	EndGlobalSection
	GlobalSection(ProjectConfigurationPlatforms) = postSolution
		{7F1725A5-2A8E-4AA0-B06D-FFED950C7AEE}.Debug|Any CPU.ActiveCfg = Debug|Any CPU
		{7F1725A5-2A8E-4AA0-B06D-FFED950C7AEE}.Debug|Any CPU.Build.0 = Debug|Any CPU
		{7F1725A5-2A8E-4AA0-B06D-FFED950C7AEE}.Release|Any CPU.ActiveCfg = Release|Any CPU
		{7F1725A5-2A8E-4AA0-B06D-FFED950C7AEE}.Release|Any CPU.Build.0 = Release|Any CPU
	EndGlobalSection
	GlobalSection(SolutionProperties) = preSolution
		HideSolutionNode = FALSE
	EndGlobalSection
	GlobalSection(ExtensibilityGlobals) = postSolution
		SolutionGuid = {A8665EA0-00E2-465A-BFEC-BCDD1CFFEB9A}
	EndGlobalSection
EndGlobal
