
Microsoft Visual Studio Solution File, Format Version 12.00
# Visual Studio Version 16
VisualStudioVersion = 16.0.32407.337
MinimumVisualStudioVersion = 10.0.40219.1
Project("{FAE04EC0-301F-11D3-BF4B-00C04F79EFBC}") = "testCsharp", "testCsharp\testCsharp.csproj", "{66E3979C-1C2D-4918-A2E4-1FF810FF6487}"
EndProject
Global
	GlobalSection(SolutionConfigurationPlatforms) = preSolution
		Debug|Any CPU = Debug|Any CPU
		Release|Any CPU = Release|Any CPU
	EndGlobalSection
	GlobalSection(ProjectConfigurationPlatforms) = postSolution
		{66E3979C-1C2D-4918-A2E4-1FF810FF6487}.Debug|Any CPU.ActiveCfg = Debug|Any CPU
		{66E3979C-1C2D-4918-A2E4-1FF810FF6487}.Debug|Any CPU.Build.0 = Debug|Any CPU
		{66E3979C-1C2D-4918-A2E4-1FF810FF6487}.Release|Any CPU.ActiveCfg = Release|Any CPU
		{66E3979C-1C2D-4918-A2E4-1FF810FF6487}.Release|Any CPU.Build.0 = Release|Any CPU
	EndGlobalSection
	GlobalSection(SolutionProperties) = preSolution
		HideSolutionNode = FALSE
	EndGlobalSection
	GlobalSection(ExtensibilityGlobals) = postSolution
		SolutionGuid = {B23039AF-A308-4805-8ACC-85E0B9D3C868}
	EndGlobalSection
EndGlobal
