
Microsoft Visual Studio Solution File, Format Version 12.00
# Visual Studio Version 16
VisualStudioVersion = 16.0.32407.337
MinimumVisualStudioVersion = 10.0.40219.1
Project("{FAE04EC0-301F-11D3-BF4B-00C04F79EFBC}") = "demoClass", "demoClass\demoClass.csproj", "{9AF4B6C5-1357-4EFA-8C5F-062E2134C4EA}"
EndProject
Global
	GlobalSection(SolutionConfigurationPlatforms) = preSolution
		Debug|Any CPU = Debug|Any CPU
		Release|Any CPU = Release|Any CPU
	EndGlobalSection
	GlobalSection(ProjectConfigurationPlatforms) = postSolution
		{9AF4B6C5-1357-4EFA-8C5F-062E2134C4EA}.Debug|Any CPU.ActiveCfg = Debug|Any CPU
		{9AF4B6C5-1357-4EFA-8C5F-062E2134C4EA}.Debug|Any CPU.Build.0 = Debug|Any CPU
		{9AF4B6C5-1357-4EFA-8C5F-062E2134C4EA}.Release|Any CPU.ActiveCfg = Release|Any CPU
		{9AF4B6C5-1357-4EFA-8C5F-062E2134C4EA}.Release|Any CPU.Build.0 = Release|Any CPU
	EndGlobalSection
	GlobalSection(SolutionProperties) = preSolution
		HideSolutionNode = FALSE
	EndGlobalSection
	GlobalSection(ExtensibilityGlobals) = postSolution
		SolutionGuid = {4808E977-C764-490A-AC9E-73CAD082BFC2}
	EndGlobalSection
EndGlobal
