
Microsoft Visual Studio Solution File, Format Version 12.00
# Visual Studio Version 16
VisualStudioVersion = 16.0.32407.337
MinimumVisualStudioVersion = 10.0.40219.1
Project("{FAE04EC0-301F-11D3-BF4B-00C04F79EFBC}") = "constrcutorClass", "constrcutorClass\constrcutorClass.csproj", "{547406D2-5C04-412C-8A16-12522A9B1FA3}"
EndProject
Global
	GlobalSection(SolutionConfigurationPlatforms) = preSolution
		Debug|Any CPU = Debug|Any CPU
		Release|Any CPU = Release|Any CPU
	EndGlobalSection
	GlobalSection(ProjectConfigurationPlatforms) = postSolution
		{547406D2-5C04-412C-8A16-12522A9B1FA3}.Debug|Any CPU.ActiveCfg = Debug|Any CPU
		{547406D2-5C04-412C-8A16-12522A9B1FA3}.Debug|Any CPU.Build.0 = Debug|Any CPU
		{547406D2-5C04-412C-8A16-12522A9B1FA3}.Release|Any CPU.ActiveCfg = Release|Any CPU
		{547406D2-5C04-412C-8A16-12522A9B1FA3}.Release|Any CPU.Build.0 = Release|Any CPU
	EndGlobalSection
	GlobalSection(SolutionProperties) = preSolution
		HideSolutionNode = FALSE
	EndGlobalSection
	GlobalSection(ExtensibilityGlobals) = postSolution
		SolutionGuid = {CFFA1EEE-EB36-4BA8-A86C-2597EA42B0AC}
	EndGlobalSection
EndGlobal
