
Microsoft Visual Studio Solution File, Format Version 12.00
# Visual Studio Version 16
VisualStudioVersion = 16.0.32407.337
MinimumVisualStudioVersion = 10.0.40219.1
Project("{FAE04EC0-301F-11D3-BF4B-00C04F79EFBC}") = "sosanhchuoi", "sosanhchuoi\sosanhchuoi.csproj", "{386DCB85-5EBF-4530-B7A1-555944AFB7F9}"
EndProject
Global
	GlobalSection(SolutionConfigurationPlatforms) = preSolution
		Debug|Any CPU = Debug|Any CPU
		Release|Any CPU = Release|Any CPU
	EndGlobalSection
	GlobalSection(ProjectConfigurationPlatforms) = postSolution
		{386DCB85-5EBF-4530-B7A1-555944AFB7F9}.Debug|Any CPU.ActiveCfg = Debug|Any CPU
		{386DCB85-5EBF-4530-B7A1-555944AFB7F9}.Debug|Any CPU.Build.0 = Debug|Any CPU
		{386DCB85-5EBF-4530-B7A1-555944AFB7F9}.Release|Any CPU.ActiveCfg = Release|Any CPU
		{386DCB85-5EBF-4530-B7A1-555944AFB7F9}.Release|Any CPU.Build.0 = Release|Any CPU
	EndGlobalSection
	GlobalSection(SolutionProperties) = preSolution
		HideSolutionNode = FALSE
	EndGlobalSection
	GlobalSection(ExtensibilityGlobals) = postSolution
		SolutionGuid = {305CD82C-1EC6-4C3F-B408-4821121B6F53}
	EndGlobalSection
EndGlobal
