
Microsoft Visual Studio Solution File, Format Version 12.00
# Visual Studio Version 16
VisualStudioVersion = 16.0.32407.337
MinimumVisualStudioVersion = 10.0.40219.1
Project("{FAE04EC0-301F-11D3-BF4B-00C04F79EFBC}") = "Privite", "Privite\Privite.csproj", "{50BA60EA-4E0E-4C7E-AD88-B0F6A981766E}"
EndProject
Global
	GlobalSection(SolutionConfigurationPlatforms) = preSolution
		Debug|Any CPU = Debug|Any CPU
		Release|Any CPU = Release|Any CPU
	EndGlobalSection
	GlobalSection(ProjectConfigurationPlatforms) = postSolution
		{50BA60EA-4E0E-4C7E-AD88-B0F6A981766E}.Debug|Any CPU.ActiveCfg = Debug|Any CPU
		{50BA60EA-4E0E-4C7E-AD88-B0F6A981766E}.Debug|Any CPU.Build.0 = Debug|Any CPU
		{50BA60EA-4E0E-4C7E-AD88-B0F6A981766E}.Release|Any CPU.ActiveCfg = Release|Any CPU
		{50BA60EA-4E0E-4C7E-AD88-B0F6A981766E}.Release|Any CPU.Build.0 = Release|Any CPU
	EndGlobalSection
	GlobalSection(SolutionProperties) = preSolution
		HideSolutionNode = FALSE
	EndGlobalSection
	GlobalSection(ExtensibilityGlobals) = postSolution
		SolutionGuid = {75962812-A11F-4CF0-965F-5049E5531592}
	EndGlobalSection
EndGlobal
